
Microsoft Visual Studio Solution File, Format Version 12.00
# Visual Studio Version 16
VisualStudioVersion = 16.0.31515.178
MinimumVisualStudioVersion = 10.0.40219.1
Project("{FAE04EC0-301F-11D3-BF4B-00C04F79EFBC}") = "ConfigurationComparator", "ConfigurationComparator\ConfigurationComparator.csproj", "{39F853B6-0078-4890-BD45-7F77EDE1CEF1}"
EndProject
Global
	GlobalSection(SolutionConfigurationPlatforms) = preSolution
		Debug|Any CPU = Debug|Any CPU
		Release|Any CPU = Release|Any CPU
	EndGlobalSection
	GlobalSection(ProjectConfigurationPlatforms) = postSolution
		{39F853B6-0078-4890-BD45-7F77EDE1CEF1}.Debug|Any CPU.ActiveCfg = Debug|Any CPU
		{39F853B6-0078-4890-BD45-7F77EDE1CEF1}.Debug|Any CPU.Build.0 = Debug|Any CPU
		{39F853B6-0078-4890-BD45-7F77EDE1CEF1}.Release|Any CPU.ActiveCfg = Release|Any CPU
		{39F853B6-0078-4890-BD45-7F77EDE1CEF1}.Release|Any CPU.Build.0 = Release|Any CPU
	EndGlobalSection
	GlobalSection(SolutionProperties) = preSolution
		HideSolutionNode = FALSE
	EndGlobalSection
	GlobalSection(ExtensibilityGlobals) = postSolution
		SolutionGuid = {2558A11D-5027-4E18-BB55-DB28BFB58511}
	EndGlobalSection
EndGlobal
